
Microsoft Visual Studio Solution File, Format Version 12.00
# Visual Studio 14
VisualStudioVersion = 14.0.25420.1
MinimumVisualStudioVersion = 10.0.40219.1
Project("{FAE04EC0-301F-11D3-BF4B-00C04F79EFBC}") = "PokerHandShowdown", "PokerHandShowdown\PokerHandShowdown.csproj", "{3D9A0111-9B86-4F98-97F9-BEE72C27EF01}"
EndProject
Project("{FAE04EC0-301F-11D3-BF4B-00C04F79EFBC}") = "App", "App\App.csproj", "{12FEDA07-B806-4A25-9EBD-D43FF2007169}"
EndProject
Project("{FAE04EC0-301F-11D3-BF4B-00C04F79EFBC}") = "Tests", "Tests\Tests.csproj", "{B74A97AA-645E-464B-86D6-AEFACE8AFB20}"
EndProject
Global
	GlobalSection(SolutionConfigurationPlatforms) = preSolution
		Debug|Any CPU = Debug|Any CPU
		Release|Any CPU = Release|Any CPU
	EndGlobalSection
	GlobalSection(ProjectConfigurationPlatforms) = postSolution
		{3D9A0111-9B86-4F98-97F9-BEE72C27EF01}.Debug|Any CPU.ActiveCfg = Debug|Any CPU
		{3D9A0111-9B86-4F98-97F9-BEE72C27EF01}.Debug|Any CPU.Build.0 = Debug|Any CPU
		{3D9A0111-9B86-4F98-97F9-BEE72C27EF01}.Release|Any CPU.ActiveCfg = Release|Any CPU
		{3D9A0111-9B86-4F98-97F9-BEE72C27EF01}.Release|Any CPU.Build.0 = Release|Any CPU
		{12FEDA07-B806-4A25-9EBD-D43FF2007169}.Debug|Any CPU.ActiveCfg = Debug|Any CPU
		{12FEDA07-B806-4A25-9EBD-D43FF2007169}.Debug|Any CPU.Build.0 = Debug|Any CPU
		{12FEDA07-B806-4A25-9EBD-D43FF2007169}.Release|Any CPU.ActiveCfg = Release|Any CPU
		{12FEDA07-B806-4A25-9EBD-D43FF2007169}.Release|Any CPU.Build.0 = Release|Any CPU
		{B74A97AA-645E-464B-86D6-AEFACE8AFB20}.Debug|Any CPU.ActiveCfg = Debug|Any CPU
		{B74A97AA-645E-464B-86D6-AEFACE8AFB20}.Debug|Any CPU.Build.0 = Debug|Any CPU
		{B74A97AA-645E-464B-86D6-AEFACE8AFB20}.Release|Any CPU.ActiveCfg = Release|Any CPU
		{B74A97AA-645E-464B-86D6-AEFACE8AFB20}.Release|Any CPU.Build.0 = Release|Any CPU
	EndGlobalSection
	GlobalSection(SolutionProperties) = preSolution
		HideSolutionNode = FALSE
	EndGlobalSection
EndGlobal
